
Microsoft Visual Studio Solution File, Format Version 12.00
# Visual Studio 14
VisualStudioVersion = 14.0.25420.1
MinimumVisualStudioVersion = 10.0.40219.1
Project("{FAE04EC0-301F-11D3-BF4B-00C04F79EFBC}") = "TargetProcess.Services", "TargetProcess.Services\TargetProcess.Services.csproj", "{F560FA4A-55EF-4E9A-B65C-22655650219F}"
EndProject
Project("{FAE04EC0-301F-11D3-BF4B-00C04F79EFBC}") = "ExampleProject", "ExampleProject\ExampleProject.csproj", "{76D42461-C47A-4031-A4F6-4096249D995E}"
EndProject
Global
	GlobalSection(SolutionConfigurationPlatforms) = preSolution
		Debug|Any CPU = Debug|Any CPU
		Release|Any CPU = Release|Any CPU
	EndGlobalSection
	GlobalSection(ProjectConfigurationPlatforms) = postSolution
		{F560FA4A-55EF-4E9A-B65C-22655650219F}.Debug|Any CPU.ActiveCfg = Debug|Any CPU
		{F560FA4A-55EF-4E9A-B65C-22655650219F}.Debug|Any CPU.Build.0 = Debug|Any CPU
		{F560FA4A-55EF-4E9A-B65C-22655650219F}.Release|Any CPU.ActiveCfg = Release|Any CPU
		{F560FA4A-55EF-4E9A-B65C-22655650219F}.Release|Any CPU.Build.0 = Release|Any CPU
		{76D42461-C47A-4031-A4F6-4096249D995E}.Debug|Any CPU.ActiveCfg = Debug|Any CPU
		{76D42461-C47A-4031-A4F6-4096249D995E}.Debug|Any CPU.Build.0 = Debug|Any CPU
		{76D42461-C47A-4031-A4F6-4096249D995E}.Release|Any CPU.ActiveCfg = Release|Any CPU
		{76D42461-C47A-4031-A4F6-4096249D995E}.Release|Any CPU.Build.0 = Release|Any CPU
	EndGlobalSection
	GlobalSection(SolutionProperties) = preSolution
		HideSolutionNode = FALSE
	EndGlobalSection
EndGlobal
